<?xml version="1.0" encoding="utf-8"?>
<Project ToolsVersion="4.0" xmlns="http://schemas.microsoft.com/developer/msbuild/2003">
  <ItemGroup>
    <Filter Include="Source Files">
      <UniqueIdentifier>{4FC737F1-C7A5-4376-A066-2A32D752A2FF}</UniqueIdentifier>
      <Extensions>cpp;c;cc;cxx;def;odl;idl;hpj;bat;asm;asmx</Extensions>
    </Filter>
    <Filter Include="Header Files">
      <UniqueIdentifier>{93995380-89BD-4b04-88EB-625FBE52EBFB}</UniqueIdentifier>
      <Extensions>h;hpp;hxx;hm;inl;inc;xsd</Extensions>
    </Filter>
  </ItemGroup>
  <ItemGroup>
    <ClCompile Include="cmdline\cmdline.c">
      <Filter>Source Files</Filter>
    </ClCompile>
    <ClCompile Include="cmdline\getopt.c">
      <Filter>Source Files</Filter>
    </ClCompile>
    <ClCompile Include="cmdline\inifile.c">
      <Filter>Source Files</Filter>
    </ClCompile>
    <ClCompile Include="cmdline\kbhit.c">
      <Filter>Source Files</Filter>
    </ClCompile>
    <ClCompile Include="cmdline\menu.c">
      <Filter>Source Files</Filter>
    </ClCompile>
    <ClCompile Include="cmdline\plug.c">
      <Filter>Source Files</Filter>
    </ClCompile>
    <ClCompile Include="cmdline\str.c">
      <Filter>Source Files</Filter>
    </ClCompile>
  </ItemGroup>
  <ItemGroup>
    <ClInclude Include="cmdline.h">
      <Filter>Header Files</Filter>
    </ClInclude>
    <ClInclude Include="cmdline\getoptlib.h">
      <Filter>Header Files</Filter>
    </ClInclude>
    <ClInclude Include="getoptw.h">
      <Filter>Header Files</Filter>
    </ClInclude>
    <ClInclude Include="inifile.h">
      <Filter>Header Files</Filter>
    </ClInclude>
    <ClInclude Include="cmdline\inifilelib.h">
      <Filter>Header Files</Filter>
    </ClInclude>
    <ClInclude Include="kbhit.h">
      <Filter>Header Files</Filter>
    </ClInclude>
    <ClInclude Include="cmdline\kbhitlib.h">
      <Filter>Header Files</Filter>
    </ClInclude>
    <ClInclude Include="menu.h">
      <Filter>Header Files</Filter>
    </ClInclude>
    <ClInclude Include="plug.h">
      <Filter>Header Files</Filter>
    </ClInclude>
    <ClInclude Include="cmdline\pluglib.h">
      <Filter>Header Files</Filter>
    </ClInclude>
    <ClInclude Include="str.h">
      <Filter>Header Files</Filter>
    </ClInclude>
    <ClInclude Include="cmdline\strlib.h">
      <Filter>Header Files</Filter>
    </ClInclude>
  </ItemGroup>
</Project>