
Microsoft Visual Studio Solution File, Format Version 12.00
# Visual Studio 14
VisualStudioVersion = 14.0.25420.1
MinimumVisualStudioVersion = 10.0.40219.1
Project("{2150E333-8FDC-42A3-9474-1A3956D46DE8}") = "tests", "tests", "{F15A622F-A2B0-47C8-985E-11732BD070C1}"
EndProject
Project("{2150E333-8FDC-42A3-9474-1A3956D46DE8}") = "apps", "apps", "{F49E176B-8BD5-4FB3-BAE7-0BA145D2C1F8}"
EndProject
Project("{8BC9CEB8-8B4A-11D0-8D11-00A0C91BC942}") = "convert", "..\src\lib\convert.vcxproj", "{C4C0EE34-854C-4D03-88A3-7AEF95E85F2D}"
EndProject
Project("{8BC9CEB8-8B4A-11D0-8D11-00A0C91BC942}") = "fft", "..\src\lib\fft.vcxproj", "{2F2A0B0A-57D6-4CFE-AF6B-F80EC54AE6E8}"
EndProject
Project("{8BC9CEB8-8B4A-11D0-8D11-00A0C91BC942}") = "mathex", "..\src\lib\mathex.vcxproj", "{3C8A94E3-AAE0-41CC-A0E9-4B99E7C6769C}"
EndProject
Project("{8BC9CEB8-8B4A-11D0-8D11-00A0C91BC942}") = "riffio", "..\src\lib\riffio.vcxproj", "{8F30995A-0CBF-4CF1-9010-D866FEFC494A}"
EndProject
Project("{8BC9CEB8-8B4A-11D0-8D11-00A0C91BC942}") = "common", "..\src\lib\common.vcxproj", "{E6D39A96-7FE9-460F-A879-D1282E0BE828}"
EndProject
Project("{8BC9CEB8-8B4A-11D0-8D11-00A0C91BC942}") = "cmdline", "..\src\lib\cmdline.vcxproj", "{5127F9F8-36B2-4D44-9E2E-1780F1ED1C05}"
EndProject
Project("{8BC9CEB8-8B4A-11D0-8D11-00A0C91BC942}") = "profiler", "..\src\lib\profiler.vcxproj", "{5656431B-F31F-4B1E-AD79-977272CACB1A}"
EndProject
Project("{8BC9CEB8-8B4A-11D0-8D11-00A0C91BC942}") = "thr", "..\src\lib\thr.vcxproj", "{75466927-7699-42A3-80AB-3597E8755405}"
EndProject
Project("{8BC9CEB8-8B4A-11D0-8D11-00A0C91BC942}") = "pcm_conv", "..\src\apps\pcm_conv\pcm_conv.vcxproj", "{5ED0613D-CCD1-4F9F-8CAE-645C62F8F541}"
EndProject
Project("{8BC9CEB8-8B4A-11D0-8D11-00A0C91BC942}") = "pcm_mse", "..\src\apps\pcm_mse\pcm_mse.vcxproj", "{60073955-0A94-4FD8-968A-9DFD51F569E6}"
EndProject
Project("{8BC9CEB8-8B4A-11D0-8D11-00A0C91BC942}") = "pcm_info", "..\src\apps\pcm_info\pcm_info.vcxproj", "{8D8196C0-BAD3-454D-A08A-4C694E63A287}"
EndProject
Project("{8BC9CEB8-8B4A-11D0-8D11-00A0C91BC942}") = "pcm_stretch", "..\src\apps\pcm_stretch\pcm_stretch.vcxproj", "{A7091068-8184-4365-BDF7-69CB9070B324}"
EndProject
Project("{8BC9CEB8-8B4A-11D0-8D11-00A0C91BC942}") = "pcm_common", "..\src\apps\pcm_common\pcm_common.vcxproj", "{0667ECF0-CA60-42F1-AF2F-63C3A9ED398F}"
EndProject
Project("{8BC9CEB8-8B4A-11D0-8D11-00A0C91BC942}") = "fft_test", "..\src\tests\fft_test\fft_test.vcxproj", "{8E561CF6-E64F-4169-A4F7-D53BC19CF2F7}"
EndProject
Project("{8BC9CEB8-8B4A-11D0-8D11-00A0C91BC942}") = "ini_test", "..\src\tests\ini_test\ini_test.vcxproj", "{10D26B63-834C-4034-8E93-AD9B1118FA14}"
EndProject
Project("{8BC9CEB8-8B4A-11D0-8D11-00A0C91BC942}") = "stretch", "..\src\lib\stretch.vcxproj", "{77DDAE40-1FD9-4709-93DD-033F1890AA9C}"
EndProject
Project("{2150E333-8FDC-42A3-9474-1A3956D46DE8}") = "tools", "tools", "{07761CC8-C701-4556-9A17-F3E1DF9B6C7A}"
EndProject
Project("{8BC9CEB8-8B4A-11D0-8D11-00A0C91BC942}") = "arateconf", "..\src\tools\alsa\arateconf\arateconf.vcxproj", "{582AE277-2857-49B5-B668-10BE802C3050}"
EndProject
Project("{2150E333-8FDC-42A3-9474-1A3956D46DE8}") = "plugins", "plugins", "{2EB8D1D0-5828-4EC2-B1E3-D3BAEAB09871}"
EndProject
Project("{2150E333-8FDC-42A3-9474-1A3956D46DE8}") = "foobar2000", "foobar2000", "{1E26E762-C73E-4941-A320-F7304D525218}"
EndProject
Project("{8BC9CEB8-8B4A-11D0-8D11-00A0C91BC942}") = "foo_dsp_fftrate", "..\src\plugins\foobar2000\foo_dsp_fftrate.vcxproj", "{42BDEFA6-AD3C-4190-9D71-34112E01E8CD}"
EndProject
Global
	GlobalSection(SolutionConfigurationPlatforms) = preSolution
		Debug|Win32 = Debug|Win32
		Release|Win32 = Release|Win32
	EndGlobalSection
	GlobalSection(ProjectConfigurationPlatforms) = postSolution
		{C4C0EE34-854C-4D03-88A3-7AEF95E85F2D}.Debug|Win32.ActiveCfg = Debug|Win32
		{C4C0EE34-854C-4D03-88A3-7AEF95E85F2D}.Debug|Win32.Build.0 = Debug|Win32
		{C4C0EE34-854C-4D03-88A3-7AEF95E85F2D}.Release|Win32.ActiveCfg = Release|Win32
		{C4C0EE34-854C-4D03-88A3-7AEF95E85F2D}.Release|Win32.Build.0 = Release|Win32
		{2F2A0B0A-57D6-4CFE-AF6B-F80EC54AE6E8}.Debug|Win32.ActiveCfg = Debug|Win32
		{2F2A0B0A-57D6-4CFE-AF6B-F80EC54AE6E8}.Debug|Win32.Build.0 = Debug|Win32
		{2F2A0B0A-57D6-4CFE-AF6B-F80EC54AE6E8}.Release|Win32.ActiveCfg = Release|Win32
		{2F2A0B0A-57D6-4CFE-AF6B-F80EC54AE6E8}.Release|Win32.Build.0 = Release|Win32
		{3C8A94E3-AAE0-41CC-A0E9-4B99E7C6769C}.Debug|Win32.ActiveCfg = Debug|Win32
		{3C8A94E3-AAE0-41CC-A0E9-4B99E7C6769C}.Debug|Win32.Build.0 = Debug|Win32
		{3C8A94E3-AAE0-41CC-A0E9-4B99E7C6769C}.Release|Win32.ActiveCfg = Release|Win32
		{3C8A94E3-AAE0-41CC-A0E9-4B99E7C6769C}.Release|Win32.Build.0 = Release|Win32
		{8F30995A-0CBF-4CF1-9010-D866FEFC494A}.Debug|Win32.ActiveCfg = Debug|Win32
		{8F30995A-0CBF-4CF1-9010-D866FEFC494A}.Debug|Win32.Build.0 = Debug|Win32
		{8F30995A-0CBF-4CF1-9010-D866FEFC494A}.Release|Win32.ActiveCfg = Release|Win32
		{8F30995A-0CBF-4CF1-9010-D866FEFC494A}.Release|Win32.Build.0 = Release|Win32
		{E6D39A96-7FE9-460F-A879-D1282E0BE828}.Debug|Win32.ActiveCfg = Debug|Win32
		{E6D39A96-7FE9-460F-A879-D1282E0BE828}.Debug|Win32.Build.0 = Debug|Win32
		{E6D39A96-7FE9-460F-A879-D1282E0BE828}.Release|Win32.ActiveCfg = Release|Win32
		{E6D39A96-7FE9-460F-A879-D1282E0BE828}.Release|Win32.Build.0 = Release|Win32
		{5127F9F8-36B2-4D44-9E2E-1780F1ED1C05}.Debug|Win32.ActiveCfg = Debug|Win32
		{5127F9F8-36B2-4D44-9E2E-1780F1ED1C05}.Debug|Win32.Build.0 = Debug|Win32
		{5127F9F8-36B2-4D44-9E2E-1780F1ED1C05}.Release|Win32.ActiveCfg = Release|Win32
		{5127F9F8-36B2-4D44-9E2E-1780F1ED1C05}.Release|Win32.Build.0 = Release|Win32
		{5656431B-F31F-4B1E-AD79-977272CACB1A}.Debug|Win32.ActiveCfg = Debug|Win32
		{5656431B-F31F-4B1E-AD79-977272CACB1A}.Debug|Win32.Build.0 = Debug|Win32
		{5656431B-F31F-4B1E-AD79-977272CACB1A}.Release|Win32.ActiveCfg = Release|Win32
		{5656431B-F31F-4B1E-AD79-977272CACB1A}.Release|Win32.Build.0 = Release|Win32
		{75466927-7699-42A3-80AB-3597E8755405}.Debug|Win32.ActiveCfg = Debug|Win32
		{75466927-7699-42A3-80AB-3597E8755405}.Debug|Win32.Build.0 = Debug|Win32
		{75466927-7699-42A3-80AB-3597E8755405}.Release|Win32.ActiveCfg = Release|Win32
		{75466927-7699-42A3-80AB-3597E8755405}.Release|Win32.Build.0 = Release|Win32
		{5ED0613D-CCD1-4F9F-8CAE-645C62F8F541}.Debug|Win32.ActiveCfg = Debug|Win32
		{5ED0613D-CCD1-4F9F-8CAE-645C62F8F541}.Debug|Win32.Build.0 = Debug|Win32
		{5ED0613D-CCD1-4F9F-8CAE-645C62F8F541}.Release|Win32.ActiveCfg = Release|Win32
		{5ED0613D-CCD1-4F9F-8CAE-645C62F8F541}.Release|Win32.Build.0 = Release|Win32
		{60073955-0A94-4FD8-968A-9DFD51F569E6}.Debug|Win32.ActiveCfg = Debug|Win32
		{60073955-0A94-4FD8-968A-9DFD51F569E6}.Debug|Win32.Build.0 = Debug|Win32
		{60073955-0A94-4FD8-968A-9DFD51F569E6}.Release|Win32.ActiveCfg = Release|Win32
		{60073955-0A94-4FD8-968A-9DFD51F569E6}.Release|Win32.Build.0 = Release|Win32
		{8D8196C0-BAD3-454D-A08A-4C694E63A287}.Debug|Win32.ActiveCfg = Debug|Win32
		{8D8196C0-BAD3-454D-A08A-4C694E63A287}.Debug|Win32.Build.0 = Debug|Win32
		{8D8196C0-BAD3-454D-A08A-4C694E63A287}.Release|Win32.ActiveCfg = Release|Win32
		{8D8196C0-BAD3-454D-A08A-4C694E63A287}.Release|Win32.Build.0 = Release|Win32
		{A7091068-8184-4365-BDF7-69CB9070B324}.Debug|Win32.ActiveCfg = Debug|Win32
		{A7091068-8184-4365-BDF7-69CB9070B324}.Debug|Win32.Build.0 = Debug|Win32
		{A7091068-8184-4365-BDF7-69CB9070B324}.Release|Win32.ActiveCfg = Release|Win32
		{A7091068-8184-4365-BDF7-69CB9070B324}.Release|Win32.Build.0 = Release|Win32
		{0667ECF0-CA60-42F1-AF2F-63C3A9ED398F}.Debug|Win32.ActiveCfg = Debug|Win32
		{0667ECF0-CA60-42F1-AF2F-63C3A9ED398F}.Debug|Win32.Build.0 = Debug|Win32
		{0667ECF0-CA60-42F1-AF2F-63C3A9ED398F}.Release|Win32.ActiveCfg = Release|Win32
		{0667ECF0-CA60-42F1-AF2F-63C3A9ED398F}.Release|Win32.Build.0 = Release|Win32
		{8E561CF6-E64F-4169-A4F7-D53BC19CF2F7}.Debug|Win32.ActiveCfg = Debug|Win32
		{8E561CF6-E64F-4169-A4F7-D53BC19CF2F7}.Debug|Win32.Build.0 = Debug|Win32
		{8E561CF6-E64F-4169-A4F7-D53BC19CF2F7}.Release|Win32.ActiveCfg = Release|Win32
		{8E561CF6-E64F-4169-A4F7-D53BC19CF2F7}.Release|Win32.Build.0 = Release|Win32
		{10D26B63-834C-4034-8E93-AD9B1118FA14}.Debug|Win32.ActiveCfg = Debug|Win32
		{10D26B63-834C-4034-8E93-AD9B1118FA14}.Debug|Win32.Build.0 = Debug|Win32
		{10D26B63-834C-4034-8E93-AD9B1118FA14}.Release|Win32.ActiveCfg = Release|Win32
		{10D26B63-834C-4034-8E93-AD9B1118FA14}.Release|Win32.Build.0 = Release|Win32
		{77DDAE40-1FD9-4709-93DD-033F1890AA9C}.Debug|Win32.ActiveCfg = Debug|Win32
		{77DDAE40-1FD9-4709-93DD-033F1890AA9C}.Debug|Win32.Build.0 = Debug|Win32
		{77DDAE40-1FD9-4709-93DD-033F1890AA9C}.Release|Win32.ActiveCfg = Release|Win32
		{77DDAE40-1FD9-4709-93DD-033F1890AA9C}.Release|Win32.Build.0 = Release|Win32
		{582AE277-2857-49B5-B668-10BE802C3050}.Debug|Win32.ActiveCfg = Debug|Win32
		{582AE277-2857-49B5-B668-10BE802C3050}.Debug|Win32.Build.0 = Debug|Win32
		{582AE277-2857-49B5-B668-10BE802C3050}.Release|Win32.ActiveCfg = Release|Win32
		{582AE277-2857-49B5-B668-10BE802C3050}.Release|Win32.Build.0 = Release|Win32
		{42BDEFA6-AD3C-4190-9D71-34112E01E8CD}.Debug|Win32.ActiveCfg = Debug|Win32
		{42BDEFA6-AD3C-4190-9D71-34112E01E8CD}.Debug|Win32.Build.0 = Debug|Win32
		{42BDEFA6-AD3C-4190-9D71-34112E01E8CD}.Release|Win32.ActiveCfg = Release|Win32
		{42BDEFA6-AD3C-4190-9D71-34112E01E8CD}.Release|Win32.Build.0 = Release|Win32
	EndGlobalSection
	GlobalSection(SolutionProperties) = preSolution
		HideSolutionNode = FALSE
	EndGlobalSection
	GlobalSection(NestedProjects) = preSolution
		{5ED0613D-CCD1-4F9F-8CAE-645C62F8F541} = {F49E176B-8BD5-4FB3-BAE7-0BA145D2C1F8}
		{60073955-0A94-4FD8-968A-9DFD51F569E6} = {F49E176B-8BD5-4FB3-BAE7-0BA145D2C1F8}
		{8D8196C0-BAD3-454D-A08A-4C694E63A287} = {F49E176B-8BD5-4FB3-BAE7-0BA145D2C1F8}
		{A7091068-8184-4365-BDF7-69CB9070B324} = {F49E176B-8BD5-4FB3-BAE7-0BA145D2C1F8}
		{0667ECF0-CA60-42F1-AF2F-63C3A9ED398F} = {F49E176B-8BD5-4FB3-BAE7-0BA145D2C1F8}
		{8E561CF6-E64F-4169-A4F7-D53BC19CF2F7} = {F15A622F-A2B0-47C8-985E-11732BD070C1}
		{10D26B63-834C-4034-8E93-AD9B1118FA14} = {F15A622F-A2B0-47C8-985E-11732BD070C1}
		{582AE277-2857-49B5-B668-10BE802C3050} = {07761CC8-C701-4556-9A17-F3E1DF9B6C7A}
		{1E26E762-C73E-4941-A320-F7304D525218} = {2EB8D1D0-5828-4EC2-B1E3-D3BAEAB09871}
		{42BDEFA6-AD3C-4190-9D71-34112E01E8CD} = {1E26E762-C73E-4941-A320-F7304D525218}
	EndGlobalSection
EndGlobal
